
Microsoft Visual Studio Solution File, Format Version 12.00
# Visual Studio 14
VisualStudioVersion = 14.0.24720.0
MinimumVisualStudioVersion = 10.0.40219.1
Project("{FAE04EC0-301F-11D3-BF4B-00C04F79EFBC}") = "D3T4", "D3T4.csproj", "{DE664DFF-9B8E-4F10-B082-A5FFBC4F0FEC}"
EndProject
Project("{FAE04EC0-301F-11D3-BF4B-00C04F79EFBC}") = "D3T6", "D3T6\D3T6.csproj", "{41777901-D6D9-4D0D-9F35-6B70B58656FB}"
EndProject
Project("{FAE04EC0-301F-11D3-BF4B-00C04F79EFBC}") = "Tehtava5", "Tehtava5\Tehtava5.csproj", "{05645D78-1C7C-4DA5-8966-C194F134AC8C}"
EndProject
Project("{FAE04EC0-301F-11D3-BF4B-00C04F79EFBC}") = "D4T5", "..\D4T5\D4T5.csproj", "{860767E8-10AF-4793-881B-D99C03DED923}"
EndProject
Project("{FAE04EC0-301F-11D3-BF4B-00C04F79EFBC}") = "D4T6", "D4T6\D4T6.csproj", "{BB214BD8-D0E1-4C2D-B22C-856799B636D5}"
EndProject
Project("{FAE04EC0-301F-11D3-BF4B-00C04F79EFBC}") = "D4T7", "..\D4T7\D4T7.csproj", "{96A74F21-9100-4B90-A93C-36C97EC61763}"
EndProject
Project("{FAE04EC0-301F-11D3-BF4B-00C04F79EFBC}") = "D4T1", "..\D4T1\D4T1.csproj", "{96B224B3-E951-463D-961E-95556967E9E3}"
EndProject
Project("{FAE04EC0-301F-11D3-BF4B-00C04F79EFBC}") = "D4T2", "..\D4T2\D4T2.csproj", "{0211F948-F679-4742-809E-F7D7372ACFCD}"
EndProject
Project("{FAE04EC0-301F-11D3-BF4B-00C04F79EFBC}") = "D4T4", "..\D4T4\D4T4.csproj", "{0B03CB8F-366A-4078-9E96-80229906EE2A}"
EndProject
Project("{FAE04EC0-301F-11D3-BF4B-00C04F79EFBC}") = "D5T4", "..\D5T4\D5T4.csproj", "{AC0A1323-3C02-4C08-9674-6C118DAB9BD0}"
EndProject
Project("{F088123C-0E9E-452A-89E6-6BA2F21D5CAC}") = "ModelingProject2", "ModelingProject2\ModelingProject2.modelproj", "{9A83B8AA-D389-4495-83FA-AA0F797B2232}"
EndProject
Project("{FAE04EC0-301F-11D3-BF4B-00C04F79EFBC}") = "ModelingProject2Lib", "ModelingProject2Lib\ModelingProject2Lib.csproj", "{D8D4D749-48E8-4180-A44C-6D7EDAC43180}"
EndProject
Project("{FAE04EC0-301F-11D3-BF4B-00C04F79EFBC}") = "D6T2", "..\D6T2\D6T2.csproj", "{C242DC0D-7187-4CC1-BFDC-BA0CB5D26E5D}"
EndProject
Project("{FAE04EC0-301F-11D3-BF4B-00C04F79EFBC}") = "D6T3", "..\D6T3\D6T3.csproj", "{C0460D14-B87F-4320-8134-05A95F7CFDAF}"
EndProject
Project("{FAE04EC0-301F-11D3-BF4B-00C04F79EFBC}") = "ConsoleApplication1", "..\ConsoleApplication1\ConsoleApplication1.csproj", "{8DAE0B4C-AFC5-4F35-886C-4D925CDFB8FF}"
EndProject
Project("{FAE04EC0-301F-11D3-BF4B-00C04F79EFBC}") = "ConsoleApplication1Tests", "ConsoleApplication1Tests\ConsoleApplication1Tests.csproj", "{0C55CFA2-EF18-47EF-A895-1C6EE0B4E379}"
EndProject
Project("{FAE04EC0-301F-11D3-BF4B-00C04F79EFBC}") = "D7T2", "..\D7T2\D7T2.csproj", "{B45F091F-0B5C-40D8-B72E-F2A93737207E}"
EndProject
Project("{FAE04EC0-301F-11D3-BF4B-00C04F79EFBC}") = "D7T3", "..\D7T3\D7T3.csproj", "{7A3A5B2E-277B-4BC7-8B30-CF976984A23C}"
EndProject
Project("{FAE04EC0-301F-11D3-BF4B-00C04F79EFBC}") = "D8T1", "..\D8T1\D8T1.csproj", "{C254391D-43AC-4C20-95EC-19D42FF20EE6}"
EndProject
Global
	GlobalSection(SolutionConfigurationPlatforms) = preSolution
		Debug|Any CPU = Debug|Any CPU
		Release|Any CPU = Release|Any CPU
	EndGlobalSection
	GlobalSection(ProjectConfigurationPlatforms) = postSolution
		{DE664DFF-9B8E-4F10-B082-A5FFBC4F0FEC}.Debug|Any CPU.ActiveCfg = Debug|Any CPU
		{DE664DFF-9B8E-4F10-B082-A5FFBC4F0FEC}.Debug|Any CPU.Build.0 = Debug|Any CPU
		{DE664DFF-9B8E-4F10-B082-A5FFBC4F0FEC}.Release|Any CPU.ActiveCfg = Release|Any CPU
		{DE664DFF-9B8E-4F10-B082-A5FFBC4F0FEC}.Release|Any CPU.Build.0 = Release|Any CPU
		{41777901-D6D9-4D0D-9F35-6B70B58656FB}.Debug|Any CPU.ActiveCfg = Debug|Any CPU
		{41777901-D6D9-4D0D-9F35-6B70B58656FB}.Debug|Any CPU.Build.0 = Debug|Any CPU
		{41777901-D6D9-4D0D-9F35-6B70B58656FB}.Release|Any CPU.ActiveCfg = Release|Any CPU
		{41777901-D6D9-4D0D-9F35-6B70B58656FB}.Release|Any CPU.Build.0 = Release|Any CPU
		{05645D78-1C7C-4DA5-8966-C194F134AC8C}.Debug|Any CPU.ActiveCfg = Debug|Any CPU
		{05645D78-1C7C-4DA5-8966-C194F134AC8C}.Debug|Any CPU.Build.0 = Debug|Any CPU
		{05645D78-1C7C-4DA5-8966-C194F134AC8C}.Release|Any CPU.ActiveCfg = Release|Any CPU
		{05645D78-1C7C-4DA5-8966-C194F134AC8C}.Release|Any CPU.Build.0 = Release|Any CPU
		{860767E8-10AF-4793-881B-D99C03DED923}.Debug|Any CPU.ActiveCfg = Debug|Any CPU
		{860767E8-10AF-4793-881B-D99C03DED923}.Debug|Any CPU.Build.0 = Debug|Any CPU
		{860767E8-10AF-4793-881B-D99C03DED923}.Release|Any CPU.ActiveCfg = Release|Any CPU
		{860767E8-10AF-4793-881B-D99C03DED923}.Release|Any CPU.Build.0 = Release|Any CPU
		{BB214BD8-D0E1-4C2D-B22C-856799B636D5}.Debug|Any CPU.ActiveCfg = Debug|Any CPU
		{BB214BD8-D0E1-4C2D-B22C-856799B636D5}.Debug|Any CPU.Build.0 = Debug|Any CPU
		{BB214BD8-D0E1-4C2D-B22C-856799B636D5}.Release|Any CPU.ActiveCfg = Release|Any CPU
		{BB214BD8-D0E1-4C2D-B22C-856799B636D5}.Release|Any CPU.Build.0 = Release|Any CPU
		{96A74F21-9100-4B90-A93C-36C97EC61763}.Debug|Any CPU.ActiveCfg = Debug|Any CPU
		{96A74F21-9100-4B90-A93C-36C97EC61763}.Debug|Any CPU.Build.0 = Debug|Any CPU
		{96A74F21-9100-4B90-A93C-36C97EC61763}.Release|Any CPU.ActiveCfg = Release|Any CPU
		{96A74F21-9100-4B90-A93C-36C97EC61763}.Release|Any CPU.Build.0 = Release|Any CPU
		{96B224B3-E951-463D-961E-95556967E9E3}.Debug|Any CPU.ActiveCfg = Debug|Any CPU
		{96B224B3-E951-463D-961E-95556967E9E3}.Debug|Any CPU.Build.0 = Debug|Any CPU
		{96B224B3-E951-463D-961E-95556967E9E3}.Release|Any CPU.ActiveCfg = Release|Any CPU
		{96B224B3-E951-463D-961E-95556967E9E3}.Release|Any CPU.Build.0 = Release|Any CPU
		{0211F948-F679-4742-809E-F7D7372ACFCD}.Debug|Any CPU.ActiveCfg = Debug|Any CPU
		{0211F948-F679-4742-809E-F7D7372ACFCD}.Debug|Any CPU.Build.0 = Debug|Any CPU
		{0211F948-F679-4742-809E-F7D7372ACFCD}.Release|Any CPU.ActiveCfg = Release|Any CPU
		{0211F948-F679-4742-809E-F7D7372ACFCD}.Release|Any CPU.Build.0 = Release|Any CPU
		{0B03CB8F-366A-4078-9E96-80229906EE2A}.Debug|Any CPU.ActiveCfg = Debug|Any CPU
		{0B03CB8F-366A-4078-9E96-80229906EE2A}.Debug|Any CPU.Build.0 = Debug|Any CPU
		{0B03CB8F-366A-4078-9E96-80229906EE2A}.Release|Any CPU.ActiveCfg = Release|Any CPU
		{0B03CB8F-366A-4078-9E96-80229906EE2A}.Release|Any CPU.Build.0 = Release|Any CPU
		{AC0A1323-3C02-4C08-9674-6C118DAB9BD0}.Debug|Any CPU.ActiveCfg = Debug|Any CPU
		{AC0A1323-3C02-4C08-9674-6C118DAB9BD0}.Debug|Any CPU.Build.0 = Debug|Any CPU
		{AC0A1323-3C02-4C08-9674-6C118DAB9BD0}.Release|Any CPU.ActiveCfg = Release|Any CPU
		{AC0A1323-3C02-4C08-9674-6C118DAB9BD0}.Release|Any CPU.Build.0 = Release|Any CPU
		{9A83B8AA-D389-4495-83FA-AA0F797B2232}.Debug|Any CPU.ActiveCfg = Debug|Any CPU
		{9A83B8AA-D389-4495-83FA-AA0F797B2232}.Debug|Any CPU.Build.0 = Debug|Any CPU
		{9A83B8AA-D389-4495-83FA-AA0F797B2232}.Release|Any CPU.ActiveCfg = Release|Any CPU
		{9A83B8AA-D389-4495-83FA-AA0F797B2232}.Release|Any CPU.Build.0 = Release|Any CPU
		{D8D4D749-48E8-4180-A44C-6D7EDAC43180}.Debug|Any CPU.ActiveCfg = Debug|Any CPU
		{D8D4D749-48E8-4180-A44C-6D7EDAC43180}.Debug|Any CPU.Build.0 = Debug|Any CPU
		{D8D4D749-48E8-4180-A44C-6D7EDAC43180}.Release|Any CPU.ActiveCfg = Release|Any CPU
		{D8D4D749-48E8-4180-A44C-6D7EDAC43180}.Release|Any CPU.Build.0 = Release|Any CPU
		{C242DC0D-7187-4CC1-BFDC-BA0CB5D26E5D}.Debug|Any CPU.ActiveCfg = Debug|Any CPU
		{C242DC0D-7187-4CC1-BFDC-BA0CB5D26E5D}.Debug|Any CPU.Build.0 = Debug|Any CPU
		{C242DC0D-7187-4CC1-BFDC-BA0CB5D26E5D}.Release|Any CPU.ActiveCfg = Release|Any CPU
		{C242DC0D-7187-4CC1-BFDC-BA0CB5D26E5D}.Release|Any CPU.Build.0 = Release|Any CPU
		{C0460D14-B87F-4320-8134-05A95F7CFDAF}.Debug|Any CPU.ActiveCfg = Debug|Any CPU
		{C0460D14-B87F-4320-8134-05A95F7CFDAF}.Debug|Any CPU.Build.0 = Debug|Any CPU
		{C0460D14-B87F-4320-8134-05A95F7CFDAF}.Release|Any CPU.ActiveCfg = Release|Any CPU
		{C0460D14-B87F-4320-8134-05A95F7CFDAF}.Release|Any CPU.Build.0 = Release|Any CPU
		{8DAE0B4C-AFC5-4F35-886C-4D925CDFB8FF}.Debug|Any CPU.ActiveCfg = Debug|Any CPU
		{8DAE0B4C-AFC5-4F35-886C-4D925CDFB8FF}.Debug|Any CPU.Build.0 = Debug|Any CPU
		{8DAE0B4C-AFC5-4F35-886C-4D925CDFB8FF}.Release|Any CPU.ActiveCfg = Release|Any CPU
		{8DAE0B4C-AFC5-4F35-886C-4D925CDFB8FF}.Release|Any CPU.Build.0 = Release|Any CPU
		{0C55CFA2-EF18-47EF-A895-1C6EE0B4E379}.Debug|Any CPU.ActiveCfg = Debug|Any CPU
		{0C55CFA2-EF18-47EF-A895-1C6EE0B4E379}.Debug|Any CPU.Build.0 = Debug|Any CPU
		{0C55CFA2-EF18-47EF-A895-1C6EE0B4E379}.Release|Any CPU.ActiveCfg = Release|Any CPU
		{0C55CFA2-EF18-47EF-A895-1C6EE0B4E379}.Release|Any CPU.Build.0 = Release|Any CPU
		{B45F091F-0B5C-40D8-B72E-F2A93737207E}.Debug|Any CPU.ActiveCfg = Debug|Any CPU
		{B45F091F-0B5C-40D8-B72E-F2A93737207E}.Debug|Any CPU.Build.0 = Debug|Any CPU
		{B45F091F-0B5C-40D8-B72E-F2A93737207E}.Release|Any CPU.ActiveCfg = Release|Any CPU
		{B45F091F-0B5C-40D8-B72E-F2A93737207E}.Release|Any CPU.Build.0 = Release|Any CPU
		{7A3A5B2E-277B-4BC7-8B30-CF976984A23C}.Debug|Any CPU.ActiveCfg = Debug|Any CPU
		{7A3A5B2E-277B-4BC7-8B30-CF976984A23C}.Debug|Any CPU.Build.0 = Debug|Any CPU
		{7A3A5B2E-277B-4BC7-8B30-CF976984A23C}.Release|Any CPU.ActiveCfg = Release|Any CPU
		{7A3A5B2E-277B-4BC7-8B30-CF976984A23C}.Release|Any CPU.Build.0 = Release|Any CPU
		{C254391D-43AC-4C20-95EC-19D42FF20EE6}.Debug|Any CPU.ActiveCfg = Debug|Any CPU
		{C254391D-43AC-4C20-95EC-19D42FF20EE6}.Debug|Any CPU.Build.0 = Debug|Any CPU
		{C254391D-43AC-4C20-95EC-19D42FF20EE6}.Release|Any CPU.ActiveCfg = Release|Any CPU
		{C254391D-43AC-4C20-95EC-19D42FF20EE6}.Release|Any CPU.Build.0 = Release|Any CPU
	EndGlobalSection
	GlobalSection(SolutionProperties) = preSolution
		HideSolutionNode = FALSE
	EndGlobalSection
EndGlobal
