
Microsoft Visual Studio Solution File, Format Version 12.00
# Visual Studio 14
VisualStudioVersion = 14.0.24720.0
MinimumVisualStudioVersion = 10.0.40219.1
Project("{FAE04EC0-301F-11D3-BF4B-00C04F79EFBC}") = "D3T4", "D3T4.csproj", "{DE664DFF-9B8E-4F10-B082-A5FFBC4F0FEC}"
EndProject
Project("{FAE04EC0-301F-11D3-BF4B-00C04F79EFBC}") = "D3T6", "D3T6\D3T6.csproj", "{41777901-D6D9-4D0D-9F35-6B70B58656FB}"
EndProject
Project("{FAE04EC0-301F-11D3-BF4B-00C04F79EFBC}") = "Tehtava5", "Tehtava5\Tehtava5.csproj", "{05645D78-1C7C-4DA5-8966-C194F134AC8C}"
EndProject
Project("{FAE04EC0-301F-11D3-BF4B-00C04F79EFBC}") = "D4T5", "..\D4T5\D4T5.csproj", "{860767E8-10AF-4793-881B-D99C03DED923}"
EndProject
Global
	GlobalSection(SolutionConfigurationPlatforms) = preSolution
		Debug|Any CPU = Debug|Any CPU
		Release|Any CPU = Release|Any CPU
	EndGlobalSection
	GlobalSection(ProjectConfigurationPlatforms) = postSolution
		{DE664DFF-9B8E-4F10-B082-A5FFBC4F0FEC}.Debug|Any CPU.ActiveCfg = Debug|Any CPU
		{DE664DFF-9B8E-4F10-B082-A5FFBC4F0FEC}.Debug|Any CPU.Build.0 = Debug|Any CPU
		{DE664DFF-9B8E-4F10-B082-A5FFBC4F0FEC}.Release|Any CPU.ActiveCfg = Release|Any CPU
		{DE664DFF-9B8E-4F10-B082-A5FFBC4F0FEC}.Release|Any CPU.Build.0 = Release|Any CPU
		{41777901-D6D9-4D0D-9F35-6B70B58656FB}.Debug|Any CPU.ActiveCfg = Debug|Any CPU
		{41777901-D6D9-4D0D-9F35-6B70B58656FB}.Debug|Any CPU.Build.0 = Debug|Any CPU
		{41777901-D6D9-4D0D-9F35-6B70B58656FB}.Release|Any CPU.ActiveCfg = Release|Any CPU
		{41777901-D6D9-4D0D-9F35-6B70B58656FB}.Release|Any CPU.Build.0 = Release|Any CPU
		{05645D78-1C7C-4DA5-8966-C194F134AC8C}.Debug|Any CPU.ActiveCfg = Debug|Any CPU
		{05645D78-1C7C-4DA5-8966-C194F134AC8C}.Debug|Any CPU.Build.0 = Debug|Any CPU
		{05645D78-1C7C-4DA5-8966-C194F134AC8C}.Release|Any CPU.ActiveCfg = Release|Any CPU
		{05645D78-1C7C-4DA5-8966-C194F134AC8C}.Release|Any CPU.Build.0 = Release|Any CPU
		{860767E8-10AF-4793-881B-D99C03DED923}.Debug|Any CPU.ActiveCfg = Debug|Any CPU
		{860767E8-10AF-4793-881B-D99C03DED923}.Debug|Any CPU.Build.0 = Debug|Any CPU
		{860767E8-10AF-4793-881B-D99C03DED923}.Release|Any CPU.ActiveCfg = Release|Any CPU
		{860767E8-10AF-4793-881B-D99C03DED923}.Release|Any CPU.Build.0 = Release|Any CPU
	EndGlobalSection
	GlobalSection(SolutionProperties) = preSolution
		HideSolutionNode = FALSE
	EndGlobalSection
EndGlobal
